
Microsoft Visual Studio Solution File, Format Version 12.00
# Visual Studio Version 17
VisualStudioVersion = 17.8.34408.163
MinimumVisualStudioVersion = 10.0.40219.1
Project("{E24C65DC-7377-472B-9ABA-BC803B73C61A}") = "NuovoAuto", ".", "{FCC76571-4BE8-4631-A7AA-852BD8B24473}"
	ProjectSection(WebsiteProperties) = preProject
		TargetFrameworkMoniker = ".NETFramework,Version%3Dv4.7.2"
		Debug.AspNetCompiler.VirtualPath = "/localhost_54047"
		Debug.AspNetCompiler.PhysicalPath = "..\NuovoAuto\"
		Debug.AspNetCompiler.TargetPath = "PrecompiledWeb\localhost_54047\"
		Debug.AspNetCompiler.Updateable = "true"
		Debug.AspNetCompiler.ForceOverwrite = "true"
		Debug.AspNetCompiler.FixedNames = "false"
		Debug.AspNetCompiler.Debug = "True"
		Release.AspNetCompiler.VirtualPath = "/localhost_54047"
		Release.AspNetCompiler.PhysicalPath = "..\NuovoAuto\"
		Release.AspNetCompiler.TargetPath = "PrecompiledWeb\localhost_54047\"
		Release.AspNetCompiler.Updateable = "true"
		Release.AspNetCompiler.ForceOverwrite = "true"
		Release.AspNetCompiler.FixedNames = "false"
		Release.AspNetCompiler.Debug = "False"
		VWDPort = "54047"
		SlnRelativePath = "..\NuovoAuto\"
		DefaultWebSiteLanguage = "Visual C#"
	EndProjectSection
EndProject
Global
	GlobalSection(SolutionConfigurationPlatforms) = preSolution
		Debug|Any CPU = Debug|Any CPU
	EndGlobalSection
	GlobalSection(ProjectConfigurationPlatforms) = postSolution
		{FCC76571-4BE8-4631-A7AA-852BD8B24473}.Debug|Any CPU.ActiveCfg = Debug|Any CPU
		{FCC76571-4BE8-4631-A7AA-852BD8B24473}.Debug|Any CPU.Build.0 = Debug|Any CPU
	EndGlobalSection
	GlobalSection(SolutionProperties) = preSolution
		HideSolutionNode = FALSE
	EndGlobalSection
	GlobalSection(ExtensibilityGlobals) = postSolution
		SolutionGuid = {CB7E7562-094B-42A0-886A-423E742EA3F1}
	EndGlobalSection
EndGlobal
